
Microsoft Visual Studio Solution File, Format Version 12.00
# Visual Studio Version 17
VisualStudioVersion = 17.8.34525.116
MinimumVisualStudioVersion = 10.0.40219.1
Project("{FAE04EC0-301F-11D3-BF4B-00C04F79EFBC}") = "PassGen", "PassGen\PassGen.csproj", "{BA3BF2C4-B6A9-4E25-9534-D347BA68FE8A}"
EndProject
Global
	GlobalSection(SolutionConfigurationPlatforms) = preSolution
		Debug|Any CPU = Debug|Any CPU
		Release|Any CPU = Release|Any CPU
	EndGlobalSection
	GlobalSection(ProjectConfigurationPlatforms) = postSolution
		{BA3BF2C4-B6A9-4E25-9534-D347BA68FE8A}.Debug|Any CPU.ActiveCfg = Debug|Any CPU
		{BA3BF2C4-B6A9-4E25-9534-D347BA68FE8A}.Debug|Any CPU.Build.0 = Debug|Any CPU
		{BA3BF2C4-B6A9-4E25-9534-D347BA68FE8A}.Release|Any CPU.ActiveCfg = Release|Any CPU
		{BA3BF2C4-B6A9-4E25-9534-D347BA68FE8A}.Release|Any CPU.Build.0 = Release|Any CPU
	EndGlobalSection
	GlobalSection(SolutionProperties) = preSolution
		HideSolutionNode = FALSE
	EndGlobalSection
	GlobalSection(ExtensibilityGlobals) = postSolution
		SolutionGuid = {7DF66602-3724-458A-A6A9-78C9A29DEC4F}
	EndGlobalSection
EndGlobal
